{
  "version": "4",
  "specifiers": {
    "jsr:@astral/astral@*": "0.5.2",
    "jsr:@astral/astral@~0.5.2": "0.5.2",
    "jsr:@deno-library/progress@^1.5.1": "1.5.1",
    "jsr:@std/assert@*": "1.0.6",
    "jsr:@std/assert@1": "1.0.11",
    "jsr:@std/assert@^1.0.10": "1.0.11",
    "jsr:@std/assert@^1.0.6": "1.0.6",
    "jsr:@std/async@1": "1.0.10",
    "jsr:@std/cli@*": "1.0.6",
    "jsr:@std/cli@^1.0.12": "1.0.12",
    "jsr:@std/data-structures@^1.0.6": "1.0.6",
    "jsr:@std/fmt@1.0.3": "1.0.3",
    "jsr:@std/fs@*": "1.0.10",
    "jsr:@std/fs@1": "1.0.11",
    "jsr:@std/fs@^1.0.11": "1.0.11",
    "jsr:@std/fs@^1.0.4": "1.0.10",
    "jsr:@std/fs@^1.0.9": "1.0.11",
    "jsr:@std/internal@^1.0.4": "1.0.4",
    "jsr:@std/internal@^1.0.5": "1.0.5",
    "jsr:@std/io@0.225.0": "0.225.0",
    "jsr:@std/path@*": "1.0.8",
    "jsr:@std/path@1": "1.0.8",
    "jsr:@std/path@^1.0.6": "1.0.6",
    "jsr:@std/path@^1.0.8": "1.0.8",
    "jsr:@std/semver@*": "1.0.3",
    "jsr:@std/semver@^1.0.3": "1.0.3",
    "jsr:@std/testing@*": "1.0.3",
    "jsr:@std/testing@^1.0.9": "1.0.9",
    "jsr:@zip-js/zip-js@*": "2.7.54",
    "jsr:@zip-js/zip-js@^2.7.52": "2.7.57",
    "jsr:@zip-js/zip-js@^2.7.54": "2.7.54",
    "jsr:@zip-js/zip-js@^2.7.57": "2.7.57",
    "npm:commander@^13.1.0": "13.1.0",
    "npm:ora@*": "8.1.1",
    "npm:ora@^8.1.1": "8.1.1"
  },
  "jsr": {
    "@astral/astral@0.5.2": {
      "integrity": "dc4b7e0ea5d8186fcd9e33e2c54e62913d7eb99d5a2d4f987b1c5399d8e295de",
      "dependencies": [
        "jsr:@deno-library/progress",
        "jsr:@std/async",
        "jsr:@std/fs@1",
        "jsr:@std/path@1",
        "jsr:@zip-js/zip-js@^2.7.52"
      ]
    },
    "@deno-library/progress@1.5.1": {
      "integrity": "966611826b8bb27baae73ab1c4fa4317cd4edd2abb99750cd6f8488d22d5b121",
      "dependencies": [
        "jsr:@std/fmt",
        "jsr:@std/io"
      ]
    },
    "@std/assert@1.0.6": {
      "integrity": "1904c05806a25d94fe791d6d883b685c9e2dcd60e4f9fc30f4fc5cf010c72207",
      "dependencies": [
        "jsr:@std/internal@^1.0.4"
      ]
    },
    "@std/assert@1.0.11": {
      "integrity": "2461ef3c368fe88bc60e186e7744a93112f16fd110022e113a0849e94d1c83c1",
      "dependencies": [
        "jsr:@std/internal@^1.0.5"
      ]
    },
    "@std/async@1.0.10": {
      "integrity": "2ff1b1c7d33d1416159989b0f69e59ec7ee8cb58510df01e454def2108b3dbec"
    },
    "@std/cli@1.0.6": {
      "integrity": "d22d8b38c66c666d7ad1f2a66c5b122da1704f985d3c47f01129f05abb6c5d3d"
    },
    "@std/cli@1.0.12": {
      "integrity": "e5cfb7814d189da174ecd7a34fbbd63f3513e24a1b307feb2fcd5da47a070d90"
    },
    "@std/data-structures@1.0.6": {
      "integrity": "76a7fd8080c66604c0496220a791860492ab21a04a63a969c0b9a0609bbbb760"
    },
    "@std/fmt@1.0.3": {
      "integrity": "97765c16aa32245ff4e2204ecf7d8562496a3cb8592340a80e7e554e0bb9149f"
    },
    "@std/fs@1.0.4": {
      "integrity": "2907d32d8d1d9e540588fd5fe0ec21ee638134bd51df327ad4e443aaef07123c",
      "dependencies": [
        "jsr:@std/path@^1.0.6"
      ]
    },
    "@std/fs@1.0.10": {
      "integrity": "bf041f9d7a0a460817f0421be8946d0e06011b3433e6c83a215628de5e3c7c2c",
      "dependencies": [
        "jsr:@std/path@^1.0.8"
      ]
    },
    "@std/fs@1.0.11": {
      "integrity": "ba674672693340c5ebdd018b4fe1af46cb08741f42b4c538154e97d217b55bdd",
      "dependencies": [
        "jsr:@std/path@^1.0.8"
      ]
    },
    "@std/internal@1.0.4": {
      "integrity": "62e8e4911527e5e4f307741a795c0b0a9e6958d0b3790716ae71ce085f755422"
    },
    "@std/internal@1.0.5": {
      "integrity": "54a546004f769c1ac9e025abd15a76b6671ddc9687e2313b67376125650dc7ba"
    },
    "@std/io@0.225.0": {
      "integrity": "c1db7c5e5a231629b32d64b9a53139445b2ca640d828c26bf23e1c55f8c079b3"
    },
    "@std/path@1.0.6": {
      "integrity": "ab2c55f902b380cf28e0eec501b4906e4c1960d13f00e11cfbcd21de15f18fed"
    },
    "@std/path@1.0.8": {
      "integrity": "548fa456bb6a04d3c1a1e7477986b6cffbce95102d0bb447c67c4ee70e0364be"
    },
    "@std/semver@1.0.3": {
      "integrity": "7c139c6076a080eeaa4252c78b95ca5302818d7eafab0470d34cafd9930c13c8"
    },
    "@std/testing@1.0.3": {
      "integrity": "f98c2bee53860a5916727d7e7d3abe920dd6f9edace022e2d059f00d05c2cf42",
      "dependencies": [
        "jsr:@std/assert@^1.0.6",
        "jsr:@std/internal@^1.0.4"
      ]
    },
    "@std/testing@1.0.9": {
      "integrity": "9bdd4ac07cb13e7594ac30e90f6ceef7254ac83a9aeaa089be0008f33aab5cd4",
      "dependencies": [
        "jsr:@std/assert@^1.0.10",
        "jsr:@std/data-structures",
        "jsr:@std/fs@^1.0.9",
        "jsr:@std/internal@^1.0.5",
        "jsr:@std/path@^1.0.8"
      ]
    },
    "@zip-js/zip-js@2.7.54": {
      "integrity": "a28b93b56a6cb2ed0f613355b2e9120ea9f6e9703dd6ae1bbc0088cfa3fef692"
    },
    "@zip-js/zip-js@2.7.57": {
      "integrity": "15465ff627e321775870ad493bc043ca2d97940bda58d709c49908d39f4b0524"
    }
  },
  "npm": {
    "ansi-regex@6.1.0": {
      "integrity": "sha512-7HSX4QQb4CspciLpVFwyRe79O3xsIZDDLER21kERQ71oaPodF8jL725AgJMFAYbooIqolJoRLuM81SpeUkpkvA=="
    },
    "chalk@5.4.1": {
      "integrity": "sha512-zgVZuo2WcZgfUEmsn6eO3kINexW8RAE4maiQ8QNs8CtpPCSyMiYsULR3HQYkm3w8FIA3SberyMJMSldGsW+U3w=="
    },
    "cli-cursor@5.0.0": {
      "integrity": "sha512-aCj4O5wKyszjMmDT4tZj93kxyydN/K5zPWSCe6/0AV/AA1pqe5ZBIw0a2ZfPQV7lL5/yb5HsUreJ6UFAF1tEQw==",
      "dependencies": [
        "restore-cursor"
      ]
    },
    "cli-spinners@2.9.2": {
      "integrity": "sha512-ywqV+5MmyL4E7ybXgKys4DugZbX0FC6LnwrhjuykIjnK9k8OQacQ7axGKnjDXWNhns0xot3bZI5h55H8yo9cJg=="
    },
    "commander@13.1.0": {
      "integrity": "sha512-/rFeCpNJQbhSZjGVwO9RFV3xPqbnERS8MmIQzCtD/zl6gpJuV/bMLuN92oG3F7d8oDEHHRrujSXNUr8fpjntKw=="
    },
    "emoji-regex@10.4.0": {
      "integrity": "sha512-EC+0oUMY1Rqm4O6LLrgjtYDvcVYTy7chDnM4Q7030tP4Kwj3u/pR6gP9ygnp2CJMK5Gq+9Q2oqmrFJAz01DXjw=="
    },
    "get-east-asian-width@1.3.0": {
      "integrity": "sha512-vpeMIQKxczTD/0s2CdEWHcb0eeJe6TFjxb+J5xgX7hScxqrGuyjmv4c1D4A/gelKfyox0gJJwIHF+fLjeaM8kQ=="
    },
    "is-interactive@2.0.0": {
      "integrity": "sha512-qP1vozQRI+BMOPcjFzrjXuQvdak2pHNUMZoeG2eRbiSqyvbEf/wQtEOTOX1guk6E3t36RkaqiSt8A/6YElNxLQ=="
    },
    "is-unicode-supported@1.3.0": {
      "integrity": "sha512-43r2mRvz+8JRIKnWJ+3j8JtjRKZ6GmjzfaE/qiBJnikNnYv/6bagRJ1kUhNk8R5EX/GkobD+r+sfxCPJsiKBLQ=="
    },
    "is-unicode-supported@2.1.0": {
      "integrity": "sha512-mE00Gnza5EEB3Ds0HfMyllZzbBrmLOX3vfWoj9A9PEnTfratQ/BcaJOuMhnkhjXvb2+FkY3VuHqtAGpTPmglFQ=="
    },
    "log-symbols@6.0.0": {
      "integrity": "sha512-i24m8rpwhmPIS4zscNzK6MSEhk0DUWa/8iYQWxhffV8jkI4Phvs3F+quL5xvS0gdQR0FyTCMMH33Y78dDTzzIw==",
      "dependencies": [
        "chalk",
        "is-unicode-supported@1.3.0"
      ]
    },
    "mimic-function@5.0.1": {
      "integrity": "sha512-VP79XUPxV2CigYP3jWwAUFSku2aKqBH7uTAapFWCBqutsbmDo96KY5o8uh6U+/YSIn5OxJnXp73beVkpqMIGhA=="
    },
    "onetime@7.0.0": {
      "integrity": "sha512-VXJjc87FScF88uafS3JllDgvAm+c/Slfz06lorj2uAY34rlUu0Nt+v8wreiImcrgAjjIHp1rXpTDlLOGw29WwQ==",
      "dependencies": [
        "mimic-function"
      ]
    },
    "ora@8.1.1": {
      "integrity": "sha512-YWielGi1XzG1UTvOaCFaNgEnuhZVMSHYkW/FQ7UX8O26PtlpdM84c0f7wLPlkvx2RfiQmnzd61d/MGxmpQeJPw==",
      "dependencies": [
        "chalk",
        "cli-cursor",
        "cli-spinners",
        "is-interactive",
        "is-unicode-supported@2.1.0",
        "log-symbols",
        "stdin-discarder",
        "string-width",
        "strip-ansi"
      ]
    },
    "restore-cursor@5.1.0": {
      "integrity": "sha512-oMA2dcrw6u0YfxJQXm342bFKX/E4sG9rbTzO9ptUcR/e8A33cHuvStiYOwH7fszkZlZ1z/ta9AAoPk2F4qIOHA==",
      "dependencies": [
        "onetime",
        "signal-exit"
      ]
    },
    "signal-exit@4.1.0": {
      "integrity": "sha512-bzyZ1e88w9O1iNJbKnOlvYTrWPDl46O1bG0D3XInv+9tkPrxrN8jUUTiFlDkkmKWgn1M6CfIA13SuGqOa9Korw=="
    },
    "stdin-discarder@0.2.2": {
      "integrity": "sha512-UhDfHmA92YAlNnCfhmq0VeNL5bDbiZGg7sZ2IvPsXubGkiNa9EC+tUTsjBRsYUAz87btI6/1wf4XoVvQ3uRnmQ=="
    },
    "string-width@7.2.0": {
      "integrity": "sha512-tsaTIkKW9b4N+AEj+SVA+WhJzV7/zMhcSu78mLKWSk7cXMOSHsBKFWUs0fWwq8QyK3MgJBQRX6Gbi4kYbdvGkQ==",
      "dependencies": [
        "emoji-regex",
        "get-east-asian-width",
        "strip-ansi"
      ]
    },
    "strip-ansi@7.1.0": {
      "integrity": "sha512-iq6eVVI64nQQTRYq2KtEg2d2uU7LElhTJwsH4YzIHZshxlgZms/wIc4VoDQTlG/IvVIrBKG06CrZnp0qv7hkcQ==",
      "dependencies": [
        "ansi-regex"
      ]
    }
  },
  "remote": {
    "https://deno.land/std@0.114.0/fmt/colors.ts": "8368ddf2d48dfe413ffd04cdbb7ae6a1009cf0dccc9c7ff1d76259d9c61a0621",
    "https://deno.land/std@0.114.0/testing/_diff.ts": "95578951cd3c9977fd3822c64e9831c739ae8d2a5faece71d3f21bfb553f6275",
    "https://deno.land/std@0.114.0/testing/asserts.ts": "550c71c634c608cffabf9e50520435cf03ff4bbd1db1253b0ade4debb444b131"
  },
  "workspace": {
    "dependencies": [
      "jsr:@astral/astral@~0.5.2",
      "jsr:@std/assert@1",
      "jsr:@std/cli@^1.0.12",
      "jsr:@std/fs@^1.0.11",
      "jsr:@std/path@^1.0.8",
      "jsr:@std/semver@^1.0.3",
      "jsr:@std/testing@^1.0.9",
      "jsr:@zip-js/zip-js@^2.7.57",
      "npm:commander@^13.1.0",
      "npm:ora@^8.1.1"
    ]
  }
}
